
Microsoft Visual Studio Solution File, Format Version 12.00
# Visual Studio Version 17
VisualStudioVersion = 17.13.35931.197 d17.13
MinimumVisualStudioVersion = 10.0.40219.1
Project("{FAE04EC0-301F-11D3-BF4B-00C04F79EFBC}") = "kostka", "kostka.csproj", "{1DC7C5DF-59BA-4DC7-A6CE-9CCD1522F4D3}"
EndProject
Global
	GlobalSection(SolutionConfigurationPlatforms) = preSolution
		Debug|Any CPU = Debug|Any CPU
		Release|Any CPU = Release|Any CPU
	EndGlobalSection
	GlobalSection(ProjectConfigurationPlatforms) = postSolution
		{1DC7C5DF-59BA-4DC7-A6CE-9CCD1522F4D3}.Debug|Any CPU.ActiveCfg = Debug|Any CPU
		{1DC7C5DF-59BA-4DC7-A6CE-9CCD1522F4D3}.Debug|Any CPU.Build.0 = Debug|Any CPU
		{1DC7C5DF-59BA-4DC7-A6CE-9CCD1522F4D3}.Release|Any CPU.ActiveCfg = Release|Any CPU
		{1DC7C5DF-59BA-4DC7-A6CE-9CCD1522F4D3}.Release|Any CPU.Build.0 = Release|Any CPU
	EndGlobalSection
	GlobalSection(SolutionProperties) = preSolution
		HideSolutionNode = FALSE
	EndGlobalSection
	GlobalSection(ExtensibilityGlobals) = postSolution
		SolutionGuid = {0409072F-F76C-41A2-9137-4CF84FB6E40D}
	EndGlobalSection
EndGlobal
