
Microsoft Visual Studio Solution File, Format Version 12.00
# Visual Studio Version 17
VisualStudioVersion = 17.13.35931.197 d17.13
MinimumVisualStudioVersion = 10.0.40219.1
Project("{FAE04EC0-301F-11D3-BF4B-00C04F79EFBC}") = "IntroToNet2", "IntroToNet2.csproj", "{4443E73A-4CD9-45DE-95F2-B1843FE8704B}"
EndProject
Global
	GlobalSection(SolutionConfigurationPlatforms) = preSolution
		Debug|Any CPU = Debug|Any CPU
		Release|Any CPU = Release|Any CPU
	EndGlobalSection
	GlobalSection(ProjectConfigurationPlatforms) = postSolution
		{4443E73A-4CD9-45DE-95F2-B1843FE8704B}.Debug|Any CPU.ActiveCfg = Debug|Any CPU
		{4443E73A-4CD9-45DE-95F2-B1843FE8704B}.Debug|Any CPU.Build.0 = Debug|Any CPU
		{4443E73A-4CD9-45DE-95F2-B1843FE8704B}.Release|Any CPU.ActiveCfg = Release|Any CPU
		{4443E73A-4CD9-45DE-95F2-B1843FE8704B}.Release|Any CPU.Build.0 = Release|Any CPU
	EndGlobalSection
	GlobalSection(SolutionProperties) = preSolution
		HideSolutionNode = FALSE
	EndGlobalSection
	GlobalSection(ExtensibilityGlobals) = postSolution
		SolutionGuid = {A1CCD370-6A57-4077-88BB-B5C18386EDEC}
	EndGlobalSection
EndGlobal
